
Microsoft Visual Studio Solution File, Format Version 12.00
# Visual Studio Version 16
VisualStudioVersion = 16.0.30804.86
MinimumVisualStudioVersion = 10.0.40219.1
Project("{FAE04EC0-301F-11D3-BF4B-00C04F79EFBC}") = "Unidad10_Proyecto", "Unidad10_Proyecto\Unidad10_Proyecto.csproj", "{B50EDC7D-D947-4941-85A9-0C828A2F95E9}"
EndProject
Global
	GlobalSection(SolutionConfigurationPlatforms) = preSolution
		Debug|Any CPU = Debug|Any CPU
		Release|Any CPU = Release|Any CPU
	EndGlobalSection
	GlobalSection(ProjectConfigurationPlatforms) = postSolution
		{B50EDC7D-D947-4941-85A9-0C828A2F95E9}.Debug|Any CPU.ActiveCfg = Debug|Any CPU
		{B50EDC7D-D947-4941-85A9-0C828A2F95E9}.Debug|Any CPU.Build.0 = Debug|Any CPU
		{B50EDC7D-D947-4941-85A9-0C828A2F95E9}.Release|Any CPU.ActiveCfg = Release|Any CPU
		{B50EDC7D-D947-4941-85A9-0C828A2F95E9}.Release|Any CPU.Build.0 = Release|Any CPU
	EndGlobalSection
	GlobalSection(SolutionProperties) = preSolution
		HideSolutionNode = FALSE
	EndGlobalSection
	GlobalSection(ExtensibilityGlobals) = postSolution
		SolutionGuid = {FF8EE1AF-5871-4C1F-9514-0EBF7865BDFD}
	EndGlobalSection
EndGlobal
